{
  "name": "canvas-practice",
  "version": "1.0.0",
  "lockfileVersion": 1,
  "requires": true,
  "dependencies": {
    "abs-svg-path": {
      "version": "0.1.1",
      "resolved": "https://registry.npmjs.org/abs-svg-path/-/abs-svg-path-0.1.1.tgz",
      "integrity": "sha1-32Acjo0roQ1KdtYl4japo5wnI78="
    },
    "babel-runtime": {
      "version": "6.26.0",
      "resolved": "https://registry.npmjs.org/babel-runtime/-/babel-runtime-6.26.0.tgz",
      "integrity": "sha1-llxwWGaOgrVde/4E/yM3vItWR/4=",
      "requires": {
        "core-js": "^2.4.0",
        "regenerator-runtime": "^0.11.0"
      }
    },
    "core-js": {
      "version": "2.6.12",
      "resolved": "https://registry.npmjs.org/core-js/-/core-js-2.6.12.tgz",
      "integrity": "sha512-Kb2wC0fvsWfQrgk8HU5lW6U/Lcs8+9aaYcy4ZFc6DDlo4nZ7n70dEgE5rtR0oG6ufKDUnrwfWL1mXR5ljDatrQ=="
    },
    "isarray": {
      "version": "0.0.1",
      "resolved": "https://registry.npmjs.org/isarray/-/isarray-0.0.1.tgz",
      "integrity": "sha1-ihis/Kmo9Bd+Cav8YDiTmwXR7t8="
    },
    "lodash": {
      "version": "4.17.21",
      "resolved": "https://registry.npmjs.org/lodash/-/lodash-4.17.21.tgz",
      "integrity": "sha512-v2kDEe57lecTulaDIuNTPy3Ry4gLGJ6Z1O3vE1krgXZNrsQ+LFTGHVxVjcXPs17LhbZVGedAJv8XZ1tvj5FvSg=="
    },
    "parse-svg-path": {
      "version": "0.1.2",
      "resolved": "https://registry.npmjs.org/parse-svg-path/-/parse-svg-path-0.1.2.tgz",
      "integrity": "sha1-en7A0esG+lMlx9PgCbhZoJtdSes="
    },
    "point-at-length": {
      "version": "1.1.0",
      "resolved": "https://registry.npmjs.org/point-at-length/-/point-at-length-1.1.0.tgz",
      "integrity": "sha1-CtcuvQmA1/WhqxIpbAVfnrazDlc=",
      "requires": {
        "abs-svg-path": "~0.1.1",
        "isarray": "~0.0.1",
        "parse-svg-path": "~0.1.1"
      }
    },
    "regenerator-runtime": {
      "version": "0.11.1",
      "resolved": "https://registry.npmjs.org/regenerator-runtime/-/regenerator-runtime-0.11.1.tgz",
      "integrity": "sha512-MguG95oij0fC3QV3URf4V2SDYGJhJnJGqvIIgdECeODCT98wSWDAJ94SSuVpYQUoTcGUIL6L4yNB7j1DFFHSBg=="
    },
    "sprite-math": {
      "version": "1.0.5",
      "resolved": "https://registry.npmjs.org/sprite-math/-/sprite-math-1.0.5.tgz",
      "integrity": "sha512-7B6Tr7zdI8kdAAUBYmd8mNLKPuyprdQY4JKPrHcFF01wcT5OYUV40SYczBJAvTc7mn+giOm+1+rfrbYQqsZh+A==",
      "requires": {
        "babel-runtime": "^6.26.0"
      }
    },
    "svg-path-to-canvas": {
      "version": "1.11.3",
      "resolved": "https://registry.npmjs.org/svg-path-to-canvas/-/svg-path-to-canvas-1.11.3.tgz",
      "integrity": "sha512-9zk/GcFgnv59XCc594QRgyCbmEJAvqn1CaQlCfHG8qoQVkKad7/br3UYFOAtq5VcheFjih+lF071yOEVKpNUKQ==",
      "requires": {
        "babel-runtime": "^6.26.0",
        "point-at-length": "^1.1.0",
        "sprite-math": "^1.0.5"
      }
    }
  }
}
